
Microsoft Visual Studio Solution File, Format Version 12.00
# Visual Studio Version 17
VisualStudioVersion = 17.4.33122.133
MinimumVisualStudioVersion = 10.0.40219.1
Project("{FAE04EC0-301F-11D3-BF4B-00C04F79EFBC}") = "WebAPI", "WebAPI\WebAPI.csproj", "{6571376C-FE4A-4387-A2BE-41F3ABE675F6}"
EndProject
Project("{FAE04EC0-301F-11D3-BF4B-00C04F79EFBC}") = "Tests", "Tests\Tests.csproj", "{E2BC0C90-F2E5-4C34-8FED-6BBB48369E9D}"
EndProject
Project("{FAE04EC0-301F-11D3-BF4B-00C04F79EFBC}") = "Business", "Business\Business.csproj", "{A2EFD54F-B05E-4AC7-A94C-A5320FE7547F}"
EndProject
Project("{FAE04EC0-301F-11D3-BF4B-00C04F79EFBC}") = "DataAccess", "DataAccess\DataAccess.csproj", "{31E5EA10-23C0-469B-9606-064E8339E175}"
EndProject
Project("{FAE04EC0-301F-11D3-BF4B-00C04F79EFBC}") = "Core", "Core\Core.csproj", "{7B5B856F-5DD0-470F-B211-96492709411E}"
EndProject
Project("{FAE04EC0-301F-11D3-BF4B-00C04F79EFBC}") = "Entities", "Entities\Entities.csproj", "{D9C19466-DB10-4C28-9FAF-F9EB6719AFA4}"
EndProject
Project("{FAE04EC0-301F-11D3-BF4B-00C04F79EFBC}") = "UIPreparation", "UIPreparation\UIPreparation.csproj", "{544705E2-D003-47C6-B114-754A4A9461C7}"
EndProject
Global
	GlobalSection(SolutionConfigurationPlatforms) = preSolution
		Debug|Any CPU = Debug|Any CPU
		Release|Any CPU = Release|Any CPU
	EndGlobalSection
	GlobalSection(ProjectConfigurationPlatforms) = postSolution
		{6571376C-FE4A-4387-A2BE-41F3ABE675F6}.Debug|Any CPU.ActiveCfg = Debug|Any CPU
		{6571376C-FE4A-4387-A2BE-41F3ABE675F6}.Debug|Any CPU.Build.0 = Debug|Any CPU
		{6571376C-FE4A-4387-A2BE-41F3ABE675F6}.Release|Any CPU.ActiveCfg = Release|Any CPU
		{6571376C-FE4A-4387-A2BE-41F3ABE675F6}.Release|Any CPU.Build.0 = Release|Any CPU
		{E2BC0C90-F2E5-4C34-8FED-6BBB48369E9D}.Debug|Any CPU.ActiveCfg = Debug|Any CPU
		{E2BC0C90-F2E5-4C34-8FED-6BBB48369E9D}.Debug|Any CPU.Build.0 = Debug|Any CPU
		{E2BC0C90-F2E5-4C34-8FED-6BBB48369E9D}.Release|Any CPU.ActiveCfg = Release|Any CPU
		{E2BC0C90-F2E5-4C34-8FED-6BBB48369E9D}.Release|Any CPU.Build.0 = Release|Any CPU
		{A2EFD54F-B05E-4AC7-A94C-A5320FE7547F}.Debug|Any CPU.ActiveCfg = Debug|Any CPU
		{A2EFD54F-B05E-4AC7-A94C-A5320FE7547F}.Debug|Any CPU.Build.0 = Debug|Any CPU
		{A2EFD54F-B05E-4AC7-A94C-A5320FE7547F}.Release|Any CPU.ActiveCfg = Release|Any CPU
		{A2EFD54F-B05E-4AC7-A94C-A5320FE7547F}.Release|Any CPU.Build.0 = Release|Any CPU
		{31E5EA10-23C0-469B-9606-064E8339E175}.Debug|Any CPU.ActiveCfg = Debug|Any CPU
		{31E5EA10-23C0-469B-9606-064E8339E175}.Debug|Any CPU.Build.0 = Debug|Any CPU
		{31E5EA10-23C0-469B-9606-064E8339E175}.Release|Any CPU.ActiveCfg = Release|Any CPU
		{31E5EA10-23C0-469B-9606-064E8339E175}.Release|Any CPU.Build.0 = Release|Any CPU
		{7B5B856F-5DD0-470F-B211-96492709411E}.Debug|Any CPU.ActiveCfg = Debug|Any CPU
		{7B5B856F-5DD0-470F-B211-96492709411E}.Debug|Any CPU.Build.0 = Debug|Any CPU
		{7B5B856F-5DD0-470F-B211-96492709411E}.Release|Any CPU.ActiveCfg = Release|Any CPU
		{7B5B856F-5DD0-470F-B211-96492709411E}.Release|Any CPU.Build.0 = Release|Any CPU
		{D9C19466-DB10-4C28-9FAF-F9EB6719AFA4}.Debug|Any CPU.ActiveCfg = Debug|Any CPU
		{D9C19466-DB10-4C28-9FAF-F9EB6719AFA4}.Debug|Any CPU.Build.0 = Debug|Any CPU
		{D9C19466-DB10-4C28-9FAF-F9EB6719AFA4}.Release|Any CPU.ActiveCfg = Release|Any CPU
		{D9C19466-DB10-4C28-9FAF-F9EB6719AFA4}.Release|Any CPU.Build.0 = Release|Any CPU
		{544705E2-D003-47C6-B114-754A4A9461C7}.Debug|Any CPU.ActiveCfg = Debug|Any CPU
		{544705E2-D003-47C6-B114-754A4A9461C7}.Debug|Any CPU.Build.0 = Debug|Any CPU
		{544705E2-D003-47C6-B114-754A4A9461C7}.Release|Any CPU.ActiveCfg = Release|Any CPU
		{544705E2-D003-47C6-B114-754A4A9461C7}.Release|Any CPU.Build.0 = Release|Any CPU
	EndGlobalSection
	GlobalSection(SolutionProperties) = preSolution
		HideSolutionNode = FALSE
	EndGlobalSection
	GlobalSection(ExtensibilityGlobals) = postSolution
		SolutionGuid = {53AC2854-8807-41A7-A242-6CAF8D774148}
	EndGlobalSection
EndGlobal
